// !$*UTF8*$!
{
	archiveVersion = 1;
	classes = {
	};
	objectVersion = 46;
	objects = {

/* Begin PBXBuildFile section */
		8B3C3A491CAA23B100C9AFD1 /* AppDelegate.swift in Sources */ = {isa = PBXBuildFile; fileRef = 8B3C3A481CAA23B100C9AFD1 /* AppDelegate.swift */; };
		8B3C3A4B1CAA23B100C9AFD1 /* ViewController.swift in Sources */ = {isa = PBXBuildFile; fileRef = 8B3C3A4A1CAA23B100C9AFD1 /* ViewController.swift */; };
		8B3C3A4E1CAA23B100C9AFD1 /* Main.storyboard in Resources */ = {isa = PBXBuildFile; fileRef = 8B3C3A4C1CAA23B100C9AFD1 /* Main.storyboard */; };
		8B3C3A501CAA23B100C9AFD1 /* Assets.xcassets in Resources */ = {isa = PBXBuildFile; fileRef = 8B3C3A4F1CAA23B100C9AFD1 /* Assets.xcassets */; };
		8B3C3A531CAA23B100C9AFD1 /* LaunchScreen.storyboard in Resources */ = {isa = PBXBuildFile; fileRef = 8B3C3A511CAA23B100C9AFD1 /* LaunchScreen.storyboard */; };
		8B3C3A5E1CAA23B100C9AFD1 /* ProgressBarTests.swift in Sources */ = {isa = PBXBuildFile; fileRef = 8B3C3A5D1CAA23B100C9AFD1 /* ProgressBarTests.swift */; };
		8B3C3A691CAA23B100C9AFD1 /* ProgressBarUITests.swift in Sources */ = {isa = PBXBuildFile; fileRef = 8B3C3A681CAA23B100C9AFD1 /* ProgressBarUITests.swift */; };
/* End PBXBuildFile section */

/* Begin PBXContainerItemProxy section */
		8B3C3A5A1CAA23B100C9AFD1 /* PBXContainerItemProxy */ = {
			isa = PBXContainerItemProxy;
			containerPortal = 8B3C3A3D1CAA23B100C9AFD1 /* Project object */;
			proxyType = 1;
			remoteGlobalIDString = 8B3C3A441CAA23B100C9AFD1;
			remoteInfo = ProgressBar;
		};
		8B3C3A651CAA23B100C9AFD1 /* PBXContainerItemProxy */ = {
			isa = PBXContainerItemProxy;
			containerPortal = 8B3C3A3D1CAA23B100C9AFD1 /* Project object */;
			proxyType = 1;
			remoteGlobalIDString = 8B3C3A441CAA23B100C9AFD1;
			remoteInfo = ProgressBar;
		};
/* End PBXContainerItemProxy section */

/* Begin PBXFileReference section */
		8B3C3A451CAA23B100C9AFD1 /* ProgressBar.app */ = {isa = PBXFileReference; explicitFileType = wrapper.application; includeInIndex = 0; path = ProgressBar.app; sourceTree = BUILT_PRODUCTS_DIR; };
		8B3C3A481CAA23B100C9AFD1 /* AppDelegate.swift */ = {isa = PBXFileReference; lastKnownFileType = sourcecode.swift; path = AppDelegate.swift; sourceTree = "<group>"; };
		8B3C3A4A1CAA23B100C9AFD1 /* ViewController.swift */ = {isa = PBXFileReference; lastKnownFileType = sourcecode.swift; path = ViewController.swift; sourceTree = "<group>"; };
		8B3C3A4D1CAA23B100C9AFD1 /* Base */ = {isa = PBXFileReference; lastKnownFileType = file.storyboard; name = Base; path = Base.lproj/Main.storyboard; sourceTree = "<group>"; };
		8B3C3A4F1CAA23B100C9AFD1 /* Assets.xcassets */ = {isa = PBXFileReference; lastKnownFileType = folder.assetcatalog; path = Assets.xcassets; sourceTree = "<group>"; };
		8B3C3A521CAA23B100C9AFD1 /* Base */ = {isa = PBXFileReference; lastKnownFileType = file.storyboard; name = Base; path = Base.lproj/LaunchScreen.storyboard; sourceTree = "<group>"; };
		8B3C3A541CAA23B100C9AFD1 /* Info.plist */ = {isa = PBXFileReference; lastKnownFileType = text.plist.xml; path = Info.plist; sourceTree = "<group>"; };
		8B3C3A591CAA23B100C9AFD1 /* ProgressBarTests.xctest */ = {isa = PBXFileReference; explicitFileType = wrapper.cfbundle; includeInIndex = 0; path = ProgressBarTests.xctest; sourceTree = BUILT_PRODUCTS_DIR; };
		8B3C3A5D1CAA23B100C9AFD1 /* ProgressBarTests.swift */ = {isa = PBXFileReference; lastKnownFileType = sourcecode.swift; path = ProgressBarTests.swift; sourceTree = "<group>"; };
		8B3C3A5F1CAA23B100C9AFD1 /* Info.plist */ = {isa = PBXFileReference; lastKnownFileType = text.plist.xml; path = Info.plist; sourceTree = "<group>"; };
		8B3C3A641CAA23B100C9AFD1 /* ProgressBarUITests.xctest */ = {isa = PBXFileReference; explicitFileType = wrapper.cfbundle; includeInIndex = 0; path = ProgressBarUITests.xctest; sourceTree = BUILT_PRODUCTS_DIR; };
		8B3C3A681CAA23B100C9AFD1 /* ProgressBarUITests.swift */ = {isa = PBXFileReference; lastKnownFileType = sourcecode.swift; path = ProgressBarUITests.swift; sourceTree = "<group>"; };
		8B3C3A6A1CAA23B100C9AFD1 /* Info.plist */ = {isa = PBXFileReference; lastKnownFileType = text.plist.xml; path = Info.plist; sourceTree = "<group>"; };
/* End PBXFileReference section */

/* Begin PBXFrameworksBuildPhase section */
		8B3C3A421CAA23B100C9AFD1 /* Frameworks */ = {
			isa = PBXFrameworksBuildPhase;
			buildActionMask = 2147483647;
			files = (
			);
			runOnlyForDeploymentPostprocessing = 0;
		};
		8B3C3A561CAA23B100C9AFD1 /* Frameworks */ = {
			isa = PBXFrameworksBuildPhase;
			buildActionMask = 2147483647;
			files = (
			);
			runOnlyForDeploymentPostprocessing = 0;
		};
		8B3C3A611CAA23B100C9AFD1 /* Frameworks */ = {
			isa = PBXFrameworksBuildPhase;
			buildActionMask = 2147483647;
			files = (
			);
			runOnlyForDeploymentPostprocessing = 0;
		};
/* End PBXFrameworksBuildPhase section */

/* Begin PBXGroup section */
		8B3C3A3C1CAA23B100C9AFD1 = {
			isa = PBXGroup;
			children = (
				8B3C3A471CAA23B100C9AFD1 /* ProgressBar */,
				8B3C3A5C1CAA23B100C9AFD1 /* ProgressBarTests */,
				8B3C3A671CAA23B100C9AFD1 /* ProgressBarUITests */,
				8B3C3A461CAA23B100C9AFD1 /* Products */,
			);
			sourceTree = "<group>";
		};
		8B3C3A461CAA23B100C9AFD1 /* Products */ = {
			isa = PBXGroup;
			children = (
				8B3C3A451CAA23B100C9AFD1 /* ProgressBar.app */,
				8B3C3A591CAA23B100C9AFD1 /* ProgressBarTests.xctest */,
				8B3C3A641CAA23B100C9AFD1 /* ProgressBarUITests.xctest */,
			);
			name = Products;
			sourceTree = "<group>";
		};
		8B3C3A471CAA23B100C9AFD1 /* ProgressBar */ = {
			isa = PBXGroup;
			children = (
				8B3C3A481CAA23B100C9AFD1 /* AppDelegate.swift */,
				8B3C3A4A1CAA23B100C9AFD1 /* ViewController.swift */,
				8B3C3A4C1CAA23B100C9AFD1 /* Main.storyboard */,
				8B3C3A4F1CAA23B100C9AFD1 /* Assets.xcassets */,
				8B3C3A511CAA23B100C9AFD1 /* LaunchScreen.storyboard */,
				8B3C3A541CAA23B100C9AFD1 /* Info.plist */,
			);
			path = ProgressBar;
			sourceTree = "<group>";
		};
		8B3C3A5C1CAA23B100C9AFD1 /* ProgressBarTests */ = {
			isa = PBXGroup;
			children = (
				8B3C3A5D1CAA23B100C9AFD1 /* ProgressBarTests.swift */,
				8B3C3A5F1CAA23B100C9AFD1 /* Info.plist */,
			);
			path = ProgressBarTests;
			sourceTree = "<group>";
		};
		8B3C3A671CAA23B100C9AFD1 /* ProgressBarUITests */ = {
			isa = PBXGroup;
			children = (
				8B3C3A681CAA23B100C9AFD1 /* ProgressBarUITests.swift */,
				8B3C3A6A1CAA23B100C9AFD1 /* Info.plist */,
			);
			path = ProgressBarUITests;
			sourceTree = "<group>";
		};
/* End PBXGroup section */

/* Begin PBXNativeTarget section */
		8B3C3A441CAA23B100C9AFD1 /* ProgressBar */ = {
			isa = PBXNativeTarget;
			buildConfigurationList = 8B3C3A6D1CAA23B100C9AFD1 /* Build configuration list for PBXNativeTarget "ProgressBar" */;
			buildPhases = (
				8B3C3A411CAA23B100C9AFD1 /* Sources */,
				8B3C3A421CAA23B100C9AFD1 /* Frameworks */,
				8B3C3A431CAA23B100C9AFD1 /* Resources */,
			);
			buildRules = (
			);
			dependencies = (
			);
			name = ProgressBar;
			productName = ProgressBar;
			productReference = 8B3C3A451CAA23B100C9AFD1 /* ProgressBar.app */;
			productType = "com.apple.product-type.application";
		};
		8B3C3A581CAA23B100C9AFD1 /* ProgressBarTests */ = {
			isa = PBXNativeTarget;
			buildConfigurationList = 8B3C3A701CAA23B100C9AFD1 /* Build configuration list for PBXNativeTarget "ProgressBarTests" */;
			buildPhases = (
				8B3C3A551CAA23B100C9AFD1 /* Sources */,
				8B3C3A561CAA23B100C9AFD1 /* Frameworks */,
				8B3C3A571CAA23B100C9AFD1 /* Resources */,
			);
			buildRules = (
			);
			dependencies = (
				8B3C3A5B1CAA23B100C9AFD1 /* PBXTargetDependency */,
			);
			name = ProgressBarTests;
			productName = ProgressBarTests;
			productReference = 8B3C3A591CAA23B100C9AFD1 /* ProgressBarTests.xctest */;
			productType = "com.apple.product-type.bundle.unit-test";
		};
		8B3C3A631CAA23B100C9AFD1 /* ProgressBarUITests */ = {
			isa = PBXNativeTarget;
			buildConfigurationList = 8B3C3A731CAA23B100C9AFD1 /* Build configuration list for PBXNativeTarget "ProgressBarUITests" */;
			buildPhases = (
				8B3C3A601CAA23B100C9AFD1 /* Sources */,
				8B3C3A611CAA23B100C9AFD1 /* Frameworks */,
				8B3C3A621CAA23B100C9AFD1 /* Resources */,
			);
			buildRules = (
			);
			dependencies = (
				8B3C3A661CAA23B100C9AFD1 /* PBXTargetDependency */,
			);
			name = ProgressBarUITests;
			productName = ProgressBarUITests;
			productReference = 8B3C3A641CAA23B100C9AFD1 /* ProgressBarUITests.xctest */;
			productType = "com.apple.product-type.bundle.ui-testing";
		};
/* End PBXNativeTarget section */

/* Begin PBXProject section */
		8B3C3A3D1CAA23B100C9AFD1 /* Project object */ = {
			isa = PBXProject;
			attributes = {
				LastSwiftUpdateCheck = 0720;
				LastUpgradeCheck = 0720;
				ORGANIZATIONNAME = "Delta Tech";
				TargetAttributes = {
					8B3C3A441CAA23B100C9AFD1 = {
						CreatedOnToolsVersion = 7.2;
						DevelopmentTeam = 9G6DBZW38J;
					};
					8B3C3A581CAA23B100C9AFD1 = {
						CreatedOnToolsVersion = 7.2;
						DevelopmentTeam = 9G6DBZW38J;
						TestTargetID = 8B3C3A441CAA23B100C9AFD1;
					};
					8B3C3A631CAA23B100C9AFD1 = {
						CreatedOnToolsVersion = 7.2;
						DevelopmentTeam = 9G6DBZW38J;
						TestTargetID = 8B3C3A441CAA23B100C9AFD1;
					};
				};
			};
			buildConfigurationList = 8B3C3A401CAA23B100C9AFD1 /* Build configuration list for PBXProject "ProgressBar" */;
			compatibilityVersion = "Xcode 3.2";
			developmentRegion = English;
			hasScannedForEncodings = 0;
			knownRegions = (
				en,
				Base,
			);
			mainGroup = 8B3C3A3C1CAA23B100C9AFD1;
			productRefGroup = 8B3C3A461CAA23B100C9AFD1 /* Products */;
			projectDirPath = "";
			projectRoot = "";
			targets = (
				8B3C3A441CAA23B100C9AFD1 /* ProgressBar */,
				8B3C3A581CAA23B100C9AFD1 /* ProgressBarTests */,
				8B3C3A631CAA23B100C9AFD1 /* ProgressBarUITests */,
			);
		};
/* End PBXProject section */

/* Begin PBXResourcesBuildPhase section */
		8B3C3A431CAA23B100C9AFD1 /* Resources */ = {
			isa = PBXResourcesBuildPhase;
			buildActionMask = 2147483647;
			files = (
				8B3C3A531CAA23B100C9AFD1 /* LaunchScreen.storyboard in Resources */,
				8B3C3A501CAA23B100C9AFD1 /* Assets.xcassets in Resources */,
				8B3C3A4E1CAA23B100C9AFD1 /* Main.storyboard in Resources */,
			);
			runOnlyForDeploymentPostprocessing = 0;
		};
		8B3C3A571CAA23B100C9AFD1 /* Resources */ = {
			isa = PBXResourcesBuildPhase;
			buildActionMask = 2147483647;
			files = (
			);
			runOnlyForDeploymentPostprocessing = 0;
		};
		8B3C3A621CAA23B100C9AFD1 /* Resources */ = {
			isa = PBXResourcesBuildPhase;
			buildActionMask = 2147483647;
			files = (
			);
			runOnlyForDeploymentPostprocessing = 0;
		};
/* End PBXResourcesBuildPhase section */

/* Begin PBXSourcesBuildPhase section */
		8B3C3A411CAA23B100C9AFD1 /* Sources */ = {
			isa = PBXSourcesBuildPhase;
			buildActionMask = 2147483647;
			files = (
				8B3C3A4B1CAA23B100C9AFD1 /* ViewController.swift in Sources */,
				8B3C3A491CAA23B100C9AFD1 /* AppDelegate.swift in Sources */,
			);
			runOnlyForDeploymentPostprocessing = 0;
		};
		8B3C3A551CAA23B100C9AFD1 /* Sources */ = {
			isa = PBXSourcesBuildPhase;
			buildActionMask = 2147483647;
			files = (
				8B3C3A5E1CAA23B100C9AFD1 /* ProgressBarTests.swift in Sources */,
			);
			runOnlyForDeploymentPostprocessing = 0;
		};
		8B3C3A601CAA23B100C9AFD1 /* Sources */ = {
			isa = PBXSourcesBuildPhase;
			buildActionMask = 2147483647;
			files = (
				8B3C3A691CAA23B100C9AFD1 /* ProgressBarUITests.swift in Sources */,
			);
			runOnlyForDeploymentPostprocessing = 0;
		};
/* End PBXSourcesBuildPhase section */

/* Begin PBXTargetDependency section */
		8B3C3A5B1CAA23B100C9AFD1 /* PBXTargetDependency */ = {
			isa = PBXTargetDependency;
			target = 8B3C3A441CAA23B100C9AFD1 /* ProgressBar */;
			targetProxy = 8B3C3A5A1CAA23B100C9AFD1 /* PBXContainerItemProxy */;
		};
		8B3C3A661CAA23B100C9AFD1 /* PBXTargetDependency */ = {
			isa = PBXTargetDependency;
			target = 8B3C3A441CAA23B100C9AFD1 /* ProgressBar */;
			targetProxy = 8B3C3A651CAA23B100C9AFD1 /* PBXContainerItemProxy */;
		};
/* End PBXTargetDependency section */

/* Begin PBXVariantGroup section */
		8B3C3A4C1CAA23B100C9AFD1 /* Main.storyboard */ = {
			isa = PBXVariantGroup;
			children = (
				8B3C3A4D1CAA23B100C9AFD1 /* Base */,
			);
			name = Main.storyboard;
			sourceTree = "<group>";
		};
		8B3C3A511CAA23B100C9AFD1 /* LaunchScreen.storyboard */ = {
			isa = PBXVariantGroup;
			children = (
				8B3C3A521CAA23B100C9AFD1 /* Base */,
			);
			name = LaunchScreen.storyboard;
			sourceTree = "<group>";
		};
/* End PBXVariantGroup section */

/* Begin XCBuildConfiguration section */
		8B3C3A6B1CAA23B100C9AFD1 /* Debug */ = {
			isa = XCBuildConfiguration;
			buildSettings = {
				ALWAYS_SEARCH_USER_PATHS = NO;
				CLANG_CXX_LANGUAGE_STANDARD = "gnu++0x";
				CLANG_CXX_LIBRARY = "libc++";
				CLANG_ENABLE_MODULES = YES;
				CLANG_ENABLE_OBJC_ARC = YES;
				CLANG_WARN_BOOL_CONVERSION = YES;
				CLANG_WARN_CONSTANT_CONVERSION = YES;
				CLANG_WARN_DIRECT_OBJC_ISA_USAGE = YES_ERROR;
				CLANG_WARN_EMPTY_BODY = YES;
				CLANG_WARN_ENUM_CONVERSION = YES;
				CLANG_WARN_INT_CONVERSION = YES;
				CLANG_WARN_OBJC_ROOT_CLASS = YES_ERROR;
				CLANG_WARN_UNREACHABLE_CODE = YES;
				CLANG_WARN__DUPLICATE_METHOD_MATCH = YES;
				"CODE_SIGN_IDENTITY[sdk=iphoneos*]" = "iPhone Developer";
				COPY_PHASE_STRIP = NO;
				DEBUG_INFORMATION_FORMAT = dwarf;
				ENABLE_STRICT_OBJC_MSGSEND = YES;
				ENABLE_TESTABILITY = YES;
				GCC_C_LANGUAGE_STANDARD = gnu99;
				GCC_DYNAMIC_NO_PIC = NO;
				GCC_NO_COMMON_BLOCKS = YES;
				GCC_OPTIMIZATION_LEVEL = 0;
				GCC_PREPROCESSOR_DEFINITIONS = (
					"DEBUG=1",
					"$(inherited)",
				);
				GCC_WARN_64_TO_32_BIT_CONVERSION = YES;
				GCC_WARN_ABOUT_RETURN_TYPE = YES_ERROR;
				GCC_WARN_UNDECLARED_SELECTOR = YES;
				GCC_WARN_UNINITIALIZED_AUTOS = YES_AGGRESSIVE;
				GCC_WARN_UNUSED_FUNCTION = YES;
				GCC_WARN_UNUSED_VARIABLE = YES;
				IPHONEOS_DEPLOYMENT_TARGET = 9.2;
				MTL_ENABLE_DEBUG_INFO = YES;
				ONLY_ACTIVE_ARCH = YES;
				SDKROOT = iphoneos;
				SWIFT_OPTIMIZATION_LEVEL = "-Onone";
			};
			name = Debug;
		};
		8B3C3A6C1CAA23B100C9AFD1 /* Release */ = {
			isa = XCBuildConfiguration;
			buildSettings = {
				ALWAYS_SEARCH_USER_PATHS = NO;
				CLANG_CXX_LANGUAGE_STANDARD = "gnu++0x";
				CLANG_CXX_LIBRARY = "libc++";
				CLANG_ENABLE_MODULES = YES;
				CLANG_ENABLE_OBJC_ARC = YES;
				CLANG_WARN_BOOL_CONVERSION = YES;
				CLANG_WARN_CONSTANT_CONVERSION = YES;
				CLANG_WARN_DIRECT_OBJC_ISA_USAGE = YES_ERROR;
				CLANG_WARN_EMPTY_BODY = YES;
				CLANG_WARN_ENUM_CONVERSION = YES;
				CLANG_WARN_INT_CONVERSION = YES;
				CLANG_WARN_OBJC_ROOT_CLASS = YES_ERROR;
				CLANG_WARN_UNREACHABLE_CODE = YES;
				CLANG_WARN__DUPLICATE_METHOD_MATCH = YES;
				"CODE_SIGN_IDENTITY[sdk=iphoneos*]" = "iPhone Developer";
				COPY_PHASE_STRIP = NO;
				DEBUG_INFORMATION_FORMAT = "dwarf-with-dsym";
				ENABLE_NS_ASSERTIONS = NO;
				ENABLE_STRICT_OBJC_MSGSEND = YES;
				GCC_C_LANGUAGE_STANDARD = gnu99;
				GCC_NO_COMMON_BLOCKS = YES;
				GCC_WARN_64_TO_32_BIT_CONVERSION = YES;
				GCC_WARN_ABOUT_RETURN_TYPE = YES_ERROR;
				GCC_WARN_UNDECLARED_SELECTOR = YES;
				GCC_WARN_UNINITIALIZED_AUTOS = YES_AGGRESSIVE;
				GCC_WARN_UNUSED_FUNCTION = YES;
				GCC_WARN_UNUSED_VARIABLE = YES;
				IPHONEOS_DEPLOYMENT_TARGET = 9.2;
				MTL_ENABLE_DEBUG_INFO = NO;
				SDKROOT = iphoneos;
				VALIDATE_PRODUCT = YES;
			};
			name = Release;
		};
		8B3C3A6E1CAA23B100C9AFD1 /* Debug */ = {
			isa = XCBuildConfiguration;
			buildSettings = {
				ASSETCATALOG_COMPILER_APPICON_NAME = AppIcon;
				INFOPLIST_FILE = ProgressBar/Info.plist;
				LD_RUNPATH_SEARCH_PATHS = "$(inherited) @executable_path/Frameworks";
				PRODUCT_BUNDLE_IDENTIFIER = dt.ProgressBar;
				PRODUCT_NAME = "$(TARGET_NAME)";
			};
			name = Debug;
		};
		8B3C3A6F1CAA23B100C9AFD1 /* Release */ = {
			isa = XCBuildConfiguration;
			buildSettings = {
				ASSETCATALOG_COMPILER_APPICON_NAME = AppIcon;
				INFOPLIST_FILE = ProgressBar/Info.plist;
				LD_RUNPATH_SEARCH_PATHS = "$(inherited) @executable_path/Frameworks";
				PRODUCT_BUNDLE_IDENTIFIER = dt.ProgressBar;
				PRODUCT_NAME = "$(TARGET_NAME)";
			};
			name = Release;
		};
		8B3C3A711CAA23B100C9AFD1 /* Debug */ = {
			isa = XCBuildConfiguration;
			buildSettings = {
				BUNDLE_LOADER = "$(TEST_HOST)";
				INFOPLIST_FILE = ProgressBarTests/Info.plist;
				LD_RUNPATH_SEARCH_PATHS = "$(inherited) @executable_path/Frameworks @loader_path/Frameworks";
				PRODUCT_BUNDLE_IDENTIFIER = dt.ProgressBarTests;
				PRODUCT_NAME = "$(TARGET_NAME)";
				TEST_HOST = "$(BUILT_PRODUCTS_DIR)/ProgressBar.app/ProgressBar";
			};
			name = Debug;
		};
		8B3C3A721CAA23B100C9AFD1 /* Release */ = {
			isa = XCBuildConfiguration;
			buildSettings = {
				BUNDLE_LOADER = "$(TEST_HOST)";
				INFOPLIST_FILE = ProgressBarTests/Info.plist;
				LD_RUNPATH_SEARCH_PATHS = "$(inherited) @executable_path/Frameworks @loader_path/Frameworks";
				PRODUCT_BUNDLE_IDENTIFIER = dt.ProgressBarTests;
				PRODUCT_NAME = "$(TARGET_NAME)";
				TEST_HOST = "$(BUILT_PRODUCTS_DIR)/ProgressBar.app/ProgressBar";
			};
			name = Release;
		};
		8B3C3A741CAA23B100C9AFD1 /* Debug */ = {
			isa = XCBuildConfiguration;
			buildSettings = {
				INFOPLIST_FILE = ProgressBarUITests/Info.plist;
				LD_RUNPATH_SEARCH_PATHS = "$(inherited) @executable_path/Frameworks @loader_path/Frameworks";
				PRODUCT_BUNDLE_IDENTIFIER = dt.ProgressBarUITests;
				PRODUCT_NAME = "$(TARGET_NAME)";
				TEST_TARGET_NAME = ProgressBar;
				USES_XCTRUNNER = YES;
			};
			name = Debug;
		};
		8B3C3A751CAA23B100C9AFD1 /* Release */ = {
			isa = XCBuildConfiguration;
			buildSettings = {
				INFOPLIST_FILE = ProgressBarUITests/Info.plist;
				LD_RUNPATH_SEARCH_PATHS = "$(inherited) @executable_path/Frameworks @loader_path/Frameworks";
				PRODUCT_BUNDLE_IDENTIFIER = dt.ProgressBarUITests;
				PRODUCT_NAME = "$(TARGET_NAME)";
				TEST_TARGET_NAME = ProgressBar;
				USES_XCTRUNNER = YES;
			};
			name = Release;
		};
/* End XCBuildConfiguration section */

/* Begin XCConfigurationList section */
		8B3C3A401CAA23B100C9AFD1 /* Build configuration list for PBXProject "ProgressBar" */ = {
			isa = XCConfigurationList;
			buildConfigurations = (
				8B3C3A6B1CAA23B100C9AFD1 /* Debug */,
				8B3C3A6C1CAA23B100C9AFD1 /* Release */,
			);
			defaultConfigurationIsVisible = 0;
			defaultConfigurationName = Release;
		};
		8B3C3A6D1CAA23B100C9AFD1 /* Build configuration list for PBXNativeTarget "ProgressBar" */ = {
			isa = XCConfigurationList;
			buildConfigurations = (
				8B3C3A6E1CAA23B100C9AFD1 /* Debug */,
				8B3C3A6F1CAA23B100C9AFD1 /* Release */,
			);
			defaultConfigurationIsVisible = 0;
		};
		8B3C3A701CAA23B100C9AFD1 /* Build configuration list for PBXNativeTarget "ProgressBarTests" */ = {
			isa = XCConfigurationList;
			buildConfigurations = (
				8B3C3A711CAA23B100C9AFD1 /* Debug */,
				8B3C3A721CAA23B100C9AFD1 /* Release */,
			);
			defaultConfigurationIsVisible = 0;
		};
		8B3C3A731CAA23B100C9AFD1 /* Build configuration list for PBXNativeTarget "ProgressBarUITests" */ = {
			isa = XCConfigurationList;
			buildConfigurations = (
				8B3C3A741CAA23B100C9AFD1 /* Debug */,
				8B3C3A751CAA23B100C9AFD1 /* Release */,
			);
			defaultConfigurationIsVisible = 0;
		};
/* End XCConfigurationList section */
	};
	rootObject = 8B3C3A3D1CAA23B100C9AFD1 /* Project object */;
}
